{
  "name": "bravos-tipping-app",
  "version": "1.0.0",
  "lockfileVersion": 2,
  "requires": true,
  "packages": {
    "": {
      "name": "bravos-tipping-app",
      "version": "1.0.0",
      "license": "ISC",
      "dependencies": {
        "serve": "^14.2.3"
      },
      "devDependencies": {
        "@types/react": "^18.3.3",
        "@types/react-dom": "^18.3.0"
      },
      "engines": {
        "node": "18.x"
      }
    },
    "node_modules/arg": {
      "version": "5.0.2",
      "resolved": "https://registry.npmjs.org/arg/-/arg-5.0.2.tgz",
      "integrity": "sha512-HcrD2gsP4Okcoz22I6f/E9wWk63+mN4B93aMy3np9zI9B5nUe6BIQvIC3go2aT9Y9y0dG/9GtY9JtRGHMhSVA==",
      "license": "MIT"
    },
    "node_modules/serve": {
      "version": "14.2.3",
      "resolved": "https://registry.npmjs.org/serve/-/serve-14.2.3.tgz",
      "integrity": "sha512-V1+DP2IeT2a27SySH4RtLcF4p3W5aT2f5QLsVde3i2M9i2tP9oFzYNoJ1MhUM41i5XhE+2LzgAMJ52nUoBfA9g==",
      "license": "MIT",
      "dependencies": {
        "arg": "^5.0.0"
      },
      "bin": {
        "serve": "build/main.js"
      },
      "engines": {
        "node": ">= 14"
      }
    }
  },
  "dependencies": {
    "arg": {
      "version": "5.0.2",
      "resolved": "https://registry.npmjs.org/arg/-/arg-5.0.2.tgz",
      "integrity": "sha512-HcrD2gsP4Okcoz22I6f/E9wWk63+mN4B93aMy3np9zI9B5nUe6BIQvIC3go2aT9Y9y0dG/9GtY9JtRGHMhSVA=="
    },
    "serve": {
      "version": "14.2.3",
      "resolved": "https://registry.npmjs.org/serve/-/serve-14.2.3.tgz",
      "integrity": "sha512-V1+DP2IeT2a27SySH4RtLcF4p3W5aT2f5QLsVde3i2M9i2tP9oFzYNoJ1MhUM41i5XhE+2LzgAMJ52nUoBfA9g==",
      "requires": {
        "arg": "^5.0.0"
      }
    }
  }
}
